
Microsoft Visual Studio Solution File, Format Version 12.00
# Visual Studio Version 16
VisualStudioVersion = 16.0.31112.23
MinimumVisualStudioVersion = 10.0.40219.1
Project("{9A19103F-16F7-4668-BE54-9A1E7A4F7556}") = "fsb5_split", "fsb5_split.csproj", "{3E0B70C7-DB9D-4F5E-86C2-FDDD069FF9ED}"
EndProject
Global
	GlobalSection(SolutionConfigurationPlatforms) = preSolution
		Debug with FMOD|x86 = Debug with FMOD|x86
		Debug|x86 = Debug|x86
		Release with FMOD|x86 = Release with FMOD|x86
		Release|x86 = Release|x86
	EndGlobalSection
	GlobalSection(ProjectConfigurationPlatforms) = postSolution
		{3E0B70C7-DB9D-4F5E-86C2-FDDD069FF9ED}.Debug with FMOD|x86.ActiveCfg = Debug with FMOD|x86
		{3E0B70C7-DB9D-4F5E-86C2-FDDD069FF9ED}.Debug with FMOD|x86.Build.0 = Debug with FMOD|x86
		{3E0B70C7-DB9D-4F5E-86C2-FDDD069FF9ED}.Debug|x86.ActiveCfg = Debug|x86
		{3E0B70C7-DB9D-4F5E-86C2-FDDD069FF9ED}.Debug|x86.Build.0 = Debug|x86
		{3E0B70C7-DB9D-4F5E-86C2-FDDD069FF9ED}.Release with FMOD|x86.ActiveCfg = Release with FMOD|x86
		{3E0B70C7-DB9D-4F5E-86C2-FDDD069FF9ED}.Release with FMOD|x86.Build.0 = Release with FMOD|x86
		{3E0B70C7-DB9D-4F5E-86C2-FDDD069FF9ED}.Release|x86.ActiveCfg = Release|x86
		{3E0B70C7-DB9D-4F5E-86C2-FDDD069FF9ED}.Release|x86.Build.0 = Release|x86
	EndGlobalSection
	GlobalSection(SolutionProperties) = preSolution
		HideSolutionNode = FALSE
	EndGlobalSection
	GlobalSection(ExtensibilityGlobals) = postSolution
		SolutionGuid = {40E7A160-FA2C-4996-B4CA-900FC0583B98}
	EndGlobalSection
EndGlobal
